// !$*UTF8*$!
{
	archiveVersion = 1;
	classes = {
	};
	objectVersion = 48;
	objects = {

/* Begin PBXBuildFile section */
		38931D701F872811003C5178 /* TestViewController.m in Sources */ = {isa = PBXBuildFile; fileRef = 38931D6F1F872811003C5178 /* TestViewController.m */; };
		38931D731F878689003C5178 /* hello.we in Resources */ = {isa = PBXBuildFile; fileRef = 38931D721F878689003C5178 /* hello.we */; };
		38931D751F878859003C5178 /* hello.js in Resources */ = {isa = PBXBuildFile; fileRef = 38931D741F878859003C5178 /* hello.js */; };
		38931D781F89C01A003C5178 /* HMImageLoader.m in Sources */ = {isa = PBXBuildFile; fileRef = 38931D771F89C01A003C5178 /* HMImageLoader.m */; };
		38931D7F1F89C59E003C5178 /* ChatViewController.m in Sources */ = {isa = PBXBuildFile; fileRef = 38931D7E1F89C59E003C5178 /* ChatViewController.m */; };
		38931D831F89C776003C5178 /* MsgModel.m in Sources */ = {isa = PBXBuildFile; fileRef = 38931D821F89C776003C5178 /* MsgModel.m */; };
		38931D8A1F89CAC4003C5178 /* MsgViewCell.m in Sources */ = {isa = PBXBuildFile; fileRef = 38931D891F89CAC4003C5178 /* MsgViewCell.m */; };
		389A147C1F87215A000F2195 /* AppDelegate.m in Sources */ = {isa = PBXBuildFile; fileRef = 389A147B1F87215A000F2195 /* AppDelegate.m */; };
		389A147F1F87215A000F2195 /* ViewController.m in Sources */ = {isa = PBXBuildFile; fileRef = 389A147E1F87215A000F2195 /* ViewController.m */; };
		389A14841F87215A000F2195 /* Assets.xcassets in Resources */ = {isa = PBXBuildFile; fileRef = 389A14831F87215A000F2195 /* Assets.xcassets */; };
		389A14871F87215A000F2195 /* LaunchScreen.storyboard in Resources */ = {isa = PBXBuildFile; fileRef = 389A14851F87215A000F2195 /* LaunchScreen.storyboard */; };
		389A148A1F87215A000F2195 /* main.m in Sources */ = {isa = PBXBuildFile; fileRef = 389A14891F87215A000F2195 /* main.m */; };
		389A14911F872464000F2195 /* Podfile in Resources */ = {isa = PBXBuildFile; fileRef = 389A14901F872464000F2195 /* Podfile */; };
		D33704076949E3648F703826 /* libPods-weexTest.a in Frameworks */ = {isa = PBXBuildFile; fileRef = 28E4E85CC29A780EB482C120 /* libPods-weexTest.a */; };
/* End PBXBuildFile section */

/* Begin PBXFileReference section */
		22F07060BEE352B754A60C27 /* Pods-weexTest.release.xcconfig */ = {isa = PBXFileReference; includeInIndex = 1; lastKnownFileType = text.xcconfig; name = "Pods-weexTest.release.xcconfig"; path = "Pods/Target Support Files/Pods-weexTest/Pods-weexTest.release.xcconfig"; sourceTree = "<group>"; };
		28E4E85CC29A780EB482C120 /* libPods-weexTest.a */ = {isa = PBXFileReference; explicitFileType = archive.ar; includeInIndex = 0; path = "libPods-weexTest.a"; sourceTree = BUILT_PRODUCTS_DIR; };
		38931D6E1F872811003C5178 /* TestViewController.h */ = {isa = PBXFileReference; lastKnownFileType = sourcecode.c.h; path = TestViewController.h; sourceTree = "<group>"; };
		38931D6F1F872811003C5178 /* TestViewController.m */ = {isa = PBXFileReference; lastKnownFileType = sourcecode.c.objc; path = TestViewController.m; sourceTree = "<group>"; };
		38931D721F878689003C5178 /* hello.we */ = {isa = PBXFileReference; lastKnownFileType = text; path = hello.we; sourceTree = "<group>"; };
		38931D741F878859003C5178 /* hello.js */ = {isa = PBXFileReference; lastKnownFileType = sourcecode.javascript; path = hello.js; sourceTree = "<group>"; };
		38931D761F89C01A003C5178 /* HMImageLoader.h */ = {isa = PBXFileReference; lastKnownFileType = sourcecode.c.h; path = HMImageLoader.h; sourceTree = "<group>"; };
		38931D771F89C01A003C5178 /* HMImageLoader.m */ = {isa = PBXFileReference; lastKnownFileType = sourcecode.c.objc; path = HMImageLoader.m; sourceTree = "<group>"; };
		38931D7D1F89C59E003C5178 /* ChatViewController.h */ = {isa = PBXFileReference; lastKnownFileType = sourcecode.c.h; path = ChatViewController.h; sourceTree = "<group>"; };
		38931D7E1F89C59E003C5178 /* ChatViewController.m */ = {isa = PBXFileReference; lastKnownFileType = sourcecode.c.objc; path = ChatViewController.m; sourceTree = "<group>"; };
		38931D811F89C776003C5178 /* MsgModel.h */ = {isa = PBXFileReference; lastKnownFileType = sourcecode.c.h; path = MsgModel.h; sourceTree = "<group>"; };
		38931D821F89C776003C5178 /* MsgModel.m */ = {isa = PBXFileReference; lastKnownFileType = sourcecode.c.objc; path = MsgModel.m; sourceTree = "<group>"; };
		38931D881F89CAC4003C5178 /* MsgViewCell.h */ = {isa = PBXFileReference; lastKnownFileType = sourcecode.c.h; path = MsgViewCell.h; sourceTree = "<group>"; };
		38931D891F89CAC4003C5178 /* MsgViewCell.m */ = {isa = PBXFileReference; lastKnownFileType = sourcecode.c.objc; path = MsgViewCell.m; sourceTree = "<group>"; };
		389A14771F87215A000F2195 /* weexTest.app */ = {isa = PBXFileReference; explicitFileType = wrapper.application; includeInIndex = 0; path = weexTest.app; sourceTree = BUILT_PRODUCTS_DIR; };
		389A147A1F87215A000F2195 /* AppDelegate.h */ = {isa = PBXFileReference; lastKnownFileType = sourcecode.c.h; path = AppDelegate.h; sourceTree = "<group>"; };
		389A147B1F87215A000F2195 /* AppDelegate.m */ = {isa = PBXFileReference; lastKnownFileType = sourcecode.c.objc; path = AppDelegate.m; sourceTree = "<group>"; };
		389A147D1F87215A000F2195 /* ViewController.h */ = {isa = PBXFileReference; lastKnownFileType = sourcecode.c.h; path = ViewController.h; sourceTree = "<group>"; };
		389A147E1F87215A000F2195 /* ViewController.m */ = {isa = PBXFileReference; lastKnownFileType = sourcecode.c.objc; path = ViewController.m; sourceTree = "<group>"; };
		389A14831F87215A000F2195 /* Assets.xcassets */ = {isa = PBXFileReference; lastKnownFileType = folder.assetcatalog; path = Assets.xcassets; sourceTree = "<group>"; };
		389A14861F87215A000F2195 /* Base */ = {isa = PBXFileReference; lastKnownFileType = file.storyboard; name = Base; path = Base.lproj/LaunchScreen.storyboard; sourceTree = "<group>"; };
		389A14881F87215A000F2195 /* Info.plist */ = {isa = PBXFileReference; lastKnownFileType = text.plist.xml; path = Info.plist; sourceTree = "<group>"; };
		389A14891F87215A000F2195 /* main.m */ = {isa = PBXFileReference; lastKnownFileType = sourcecode.c.objc; path = main.m; sourceTree = "<group>"; };
		389A14901F872464000F2195 /* Podfile */ = {isa = PBXFileReference; lastKnownFileType = text; path = Podfile; sourceTree = "<group>"; xcLanguageSpecificationIdentifier = xcode.lang.ruby; };
		BB1901B34816CBC6ED631B59 /* Pods-weexTest.debug.xcconfig */ = {isa = PBXFileReference; includeInIndex = 1; lastKnownFileType = text.xcconfig; name = "Pods-weexTest.debug.xcconfig"; path = "Pods/Target Support Files/Pods-weexTest/Pods-weexTest.debug.xcconfig"; sourceTree = "<group>"; };
/* End PBXFileReference section */

/* Begin PBXFrameworksBuildPhase section */
		389A14741F87215A000F2195 /* Frameworks */ = {
			isa = PBXFrameworksBuildPhase;
			buildActionMask = 2147483647;
			files = (
				D33704076949E3648F703826 /* libPods-weexTest.a in Frameworks */,
			);
			runOnlyForDeploymentPostprocessing = 0;
		};
/* End PBXFrameworksBuildPhase section */

/* Begin PBXGroup section */
		38931D6D1F8727F5003C5178 /* Chat */ = {
			isa = PBXGroup;
			children = (
				38931D841F89CA5E003C5178 /* View */,
				38931D801F89C75F003C5178 /* Model */,
				38931D6E1F872811003C5178 /* TestViewController.h */,
				38931D6F1F872811003C5178 /* TestViewController.m */,
				38931D761F89C01A003C5178 /* HMImageLoader.h */,
				38931D771F89C01A003C5178 /* HMImageLoader.m */,
				38931D7D1F89C59E003C5178 /* ChatViewController.h */,
				38931D7E1F89C59E003C5178 /* ChatViewController.m */,
			);
			path = Chat;
			sourceTree = "<group>";
		};
		38931D711F87865F003C5178 /* Resources */ = {
			isa = PBXGroup;
			children = (
				38931D721F878689003C5178 /* hello.we */,
				38931D741F878859003C5178 /* hello.js */,
			);
			path = Resources;
			sourceTree = "<group>";
		};
		38931D801F89C75F003C5178 /* Model */ = {
			isa = PBXGroup;
			children = (
				38931D811F89C776003C5178 /* MsgModel.h */,
				38931D821F89C776003C5178 /* MsgModel.m */,
			);
			path = Model;
			sourceTree = "<group>";
		};
		38931D841F89CA5E003C5178 /* View */ = {
			isa = PBXGroup;
			children = (
				38931D881F89CAC4003C5178 /* MsgViewCell.h */,
				38931D891F89CAC4003C5178 /* MsgViewCell.m */,
			);
			path = View;
			sourceTree = "<group>";
		};
		389A146E1F87215A000F2195 = {
			isa = PBXGroup;
			children = (
				389A14901F872464000F2195 /* Podfile */,
				389A14791F87215A000F2195 /* weexTest */,
				389A14781F87215A000F2195 /* Products */,
				EAD2D7FA0688CD2C5537AF9D /* Pods */,
				DE68CBDF40CCA6E95E7EB75E /* Frameworks */,
			);
			sourceTree = "<group>";
		};
		389A14781F87215A000F2195 /* Products */ = {
			isa = PBXGroup;
			children = (
				389A14771F87215A000F2195 /* weexTest.app */,
			);
			name = Products;
			sourceTree = "<group>";
		};
		389A14791F87215A000F2195 /* weexTest */ = {
			isa = PBXGroup;
			children = (
				38931D711F87865F003C5178 /* Resources */,
				38931D6D1F8727F5003C5178 /* Chat */,
				389A147A1F87215A000F2195 /* AppDelegate.h */,
				389A147B1F87215A000F2195 /* AppDelegate.m */,
				389A147D1F87215A000F2195 /* ViewController.h */,
				389A147E1F87215A000F2195 /* ViewController.m */,
				389A14831F87215A000F2195 /* Assets.xcassets */,
				389A14851F87215A000F2195 /* LaunchScreen.storyboard */,
				389A14881F87215A000F2195 /* Info.plist */,
				389A14891F87215A000F2195 /* main.m */,
			);
			path = weexTest;
			sourceTree = "<group>";
		};
		DE68CBDF40CCA6E95E7EB75E /* Frameworks */ = {
			isa = PBXGroup;
			children = (
				28E4E85CC29A780EB482C120 /* libPods-weexTest.a */,
			);
			name = Frameworks;
			sourceTree = "<group>";
		};
		EAD2D7FA0688CD2C5537AF9D /* Pods */ = {
			isa = PBXGroup;
			children = (
				BB1901B34816CBC6ED631B59 /* Pods-weexTest.debug.xcconfig */,
				22F07060BEE352B754A60C27 /* Pods-weexTest.release.xcconfig */,
			);
			name = Pods;
			sourceTree = "<group>";
		};
/* End PBXGroup section */

/* Begin PBXNativeTarget section */
		389A14761F87215A000F2195 /* weexTest */ = {
			isa = PBXNativeTarget;
			buildConfigurationList = 389A148D1F87215A000F2195 /* Build configuration list for PBXNativeTarget "weexTest" */;
			buildPhases = (
				D744FF3981B50E80508DB601 /* [CP] Check Pods Manifest.lock */,
				389A14731F87215A000F2195 /* Sources */,
				389A14741F87215A000F2195 /* Frameworks */,
				389A14751F87215A000F2195 /* Resources */,
				CF30202E3313ACBAC6601626 /* [CP] Embed Pods Frameworks */,
				08BCFFCBC44241732AE5633D /* [CP] Copy Pods Resources */,
			);
			buildRules = (
			);
			dependencies = (
			);
			name = weexTest;
			productName = weexTest;
			productReference = 389A14771F87215A000F2195 /* weexTest.app */;
			productType = "com.apple.product-type.application";
		};
/* End PBXNativeTarget section */

/* Begin PBXProject section */
		389A146F1F87215A000F2195 /* Project object */ = {
			isa = PBXProject;
			attributes = {
				LastUpgradeCheck = 0900;
				ORGANIZATIONNAME = zhengkanyan;
				TargetAttributes = {
					389A14761F87215A000F2195 = {
						CreatedOnToolsVersion = 9.0;
						ProvisioningStyle = Automatic;
					};
				};
			};
			buildConfigurationList = 389A14721F87215A000F2195 /* Build configuration list for PBXProject "weexTest" */;
			compatibilityVersion = "Xcode 8.0";
			developmentRegion = en;
			hasScannedForEncodings = 0;
			knownRegions = (
				en,
				Base,
			);
			mainGroup = 389A146E1F87215A000F2195;
			productRefGroup = 389A14781F87215A000F2195 /* Products */;
			projectDirPath = "";
			projectRoot = "";
			targets = (
				389A14761F87215A000F2195 /* weexTest */,
			);
		};
/* End PBXProject section */

/* Begin PBXResourcesBuildPhase section */
		389A14751F87215A000F2195 /* Resources */ = {
			isa = PBXResourcesBuildPhase;
			buildActionMask = 2147483647;
			files = (
				389A14871F87215A000F2195 /* LaunchScreen.storyboard in Resources */,
				38931D751F878859003C5178 /* hello.js in Resources */,
				389A14841F87215A000F2195 /* Assets.xcassets in Resources */,
				38931D731F878689003C5178 /* hello.we in Resources */,
				389A14911F872464000F2195 /* Podfile in Resources */,
			);
			runOnlyForDeploymentPostprocessing = 0;
		};
/* End PBXResourcesBuildPhase section */

/* Begin PBXShellScriptBuildPhase section */
		08BCFFCBC44241732AE5633D /* [CP] Copy Pods Resources */ = {
			isa = PBXShellScriptBuildPhase;
			buildActionMask = 2147483647;
			files = (
			);
			inputPaths = (
				"${SRCROOT}/Pods/Target Support Files/Pods-weexTest/Pods-weexTest-resources.sh",
				"${PODS_ROOT}/WeexSDK/pre-build/native-bundle-main.js",
				"${PODS_ROOT}/WeexSDK/ios/sdk/WeexSDK/Resources/wx_load_error@3x.png",
			);
			name = "[CP] Copy Pods Resources";
			outputPaths = (
				"${TARGET_BUILD_DIR}/${UNLOCALIZED_RESOURCES_FOLDER_PATH}",
			);
			runOnlyForDeploymentPostprocessing = 0;
			shellPath = /bin/sh;
			shellScript = "\"${SRCROOT}/Pods/Target Support Files/Pods-weexTest/Pods-weexTest-resources.sh\"\n";
			showEnvVarsInLog = 0;
		};
		CF30202E3313ACBAC6601626 /* [CP] Embed Pods Frameworks */ = {
			isa = PBXShellScriptBuildPhase;
			buildActionMask = 2147483647;
			files = (
			);
			inputPaths = (
			);
			name = "[CP] Embed Pods Frameworks";
			outputPaths = (
			);
			runOnlyForDeploymentPostprocessing = 0;
			shellPath = /bin/sh;
			shellScript = "\"${SRCROOT}/Pods/Target Support Files/Pods-weexTest/Pods-weexTest-frameworks.sh\"\n";
			showEnvVarsInLog = 0;
		};
		D744FF3981B50E80508DB601 /* [CP] Check Pods Manifest.lock */ = {
			isa = PBXShellScriptBuildPhase;
			buildActionMask = 2147483647;
			files = (
			);
			inputPaths = (
				"${PODS_PODFILE_DIR_PATH}/Podfile.lock",
				"${PODS_ROOT}/Manifest.lock",
			);
			name = "[CP] Check Pods Manifest.lock";
			outputPaths = (
				"$(DERIVED_FILE_DIR)/Pods-weexTest-checkManifestLockResult.txt",
			);
			runOnlyForDeploymentPostprocessing = 0;
			shellPath = /bin/sh;
			shellScript = "diff \"${PODS_PODFILE_DIR_PATH}/Podfile.lock\" \"${PODS_ROOT}/Manifest.lock\" > /dev/null\nif [ $? != 0 ] ; then\n    # print error to STDERR\n    echo \"error: The sandbox is not in sync with the Podfile.lock. Run 'pod install' or update your CocoaPods installation.\" >&2\n    exit 1\nfi\n# This output is used by Xcode 'outputs' to avoid re-running this script phase.\necho \"SUCCESS\" > \"${SCRIPT_OUTPUT_FILE_0}\"\n";
			showEnvVarsInLog = 0;
		};
/* End PBXShellScriptBuildPhase section */

/* Begin PBXSourcesBuildPhase section */
		389A14731F87215A000F2195 /* Sources */ = {
			isa = PBXSourcesBuildPhase;
			buildActionMask = 2147483647;
			files = (
				38931D781F89C01A003C5178 /* HMImageLoader.m in Sources */,
				389A147F1F87215A000F2195 /* ViewController.m in Sources */,
				38931D8A1F89CAC4003C5178 /* MsgViewCell.m in Sources */,
				38931D7F1F89C59E003C5178 /* ChatViewController.m in Sources */,
				389A148A1F87215A000F2195 /* main.m in Sources */,
				38931D831F89C776003C5178 /* MsgModel.m in Sources */,
				38931D701F872811003C5178 /* TestViewController.m in Sources */,
				389A147C1F87215A000F2195 /* AppDelegate.m in Sources */,
			);
			runOnlyForDeploymentPostprocessing = 0;
		};
/* End PBXSourcesBuildPhase section */

/* Begin PBXVariantGroup section */
		389A14851F87215A000F2195 /* LaunchScreen.storyboard */ = {
			isa = PBXVariantGroup;
			children = (
				389A14861F87215A000F2195 /* Base */,
			);
			name = LaunchScreen.storyboard;
			sourceTree = "<group>";
		};
/* End PBXVariantGroup section */

/* Begin XCBuildConfiguration section */
		389A148B1F87215A000F2195 /* Debug */ = {
			isa = XCBuildConfiguration;
			buildSettings = {
				ALWAYS_SEARCH_USER_PATHS = NO;
				CLANG_ANALYZER_NONNULL = YES;
				CLANG_ANALYZER_NUMBER_OBJECT_CONVERSION = YES_AGGRESSIVE;
				CLANG_CXX_LANGUAGE_STANDARD = "gnu++14";
				CLANG_CXX_LIBRARY = "libc++";
				CLANG_ENABLE_MODULES = YES;
				CLANG_ENABLE_OBJC_ARC = YES;
				CLANG_WARN_BLOCK_CAPTURE_AUTORELEASING = YES;
				CLANG_WARN_BOOL_CONVERSION = YES;
				CLANG_WARN_COMMA = YES;
				CLANG_WARN_CONSTANT_CONVERSION = YES;
				CLANG_WARN_DIRECT_OBJC_ISA_USAGE = YES_ERROR;
				CLANG_WARN_DOCUMENTATION_COMMENTS = YES;
				CLANG_WARN_EMPTY_BODY = YES;
				CLANG_WARN_ENUM_CONVERSION = YES;
				CLANG_WARN_INFINITE_RECURSION = YES;
				CLANG_WARN_INT_CONVERSION = YES;
				CLANG_WARN_NON_LITERAL_NULL_CONVERSION = YES;
				CLANG_WARN_OBJC_LITERAL_CONVERSION = YES;
				CLANG_WARN_OBJC_ROOT_CLASS = YES_ERROR;
				CLANG_WARN_RANGE_LOOP_ANALYSIS = YES;
				CLANG_WARN_STRICT_PROTOTYPES = YES;
				CLANG_WARN_SUSPICIOUS_MOVE = YES;
				CLANG_WARN_UNGUARDED_AVAILABILITY = YES_AGGRESSIVE;
				CLANG_WARN_UNREACHABLE_CODE = YES;
				CLANG_WARN__DUPLICATE_METHOD_MATCH = YES;
				CODE_SIGN_IDENTITY = "iPhone Developer";
				COPY_PHASE_STRIP = NO;
				DEBUG_INFORMATION_FORMAT = dwarf;
				ENABLE_STRICT_OBJC_MSGSEND = YES;
				ENABLE_TESTABILITY = YES;
				GCC_C_LANGUAGE_STANDARD = gnu11;
				GCC_DYNAMIC_NO_PIC = NO;
				GCC_NO_COMMON_BLOCKS = YES;
				GCC_OPTIMIZATION_LEVEL = 0;
				GCC_PREPROCESSOR_DEFINITIONS = (
					"DEBUG=1",
					"$(inherited)",
				);
				GCC_WARN_64_TO_32_BIT_CONVERSION = YES;
				GCC_WARN_ABOUT_RETURN_TYPE = YES_ERROR;
				GCC_WARN_UNDECLARED_SELECTOR = YES;
				GCC_WARN_UNINITIALIZED_AUTOS = YES_AGGRESSIVE;
				GCC_WARN_UNUSED_FUNCTION = YES;
				GCC_WARN_UNUSED_VARIABLE = YES;
				IPHONEOS_DEPLOYMENT_TARGET = 11.0;
				MTL_ENABLE_DEBUG_INFO = YES;
				ONLY_ACTIVE_ARCH = YES;
				SDKROOT = iphoneos;
			};
			name = Debug;
		};
		389A148C1F87215A000F2195 /* Release */ = {
			isa = XCBuildConfiguration;
			buildSettings = {
				ALWAYS_SEARCH_USER_PATHS = NO;
				CLANG_ANALYZER_NONNULL = YES;
				CLANG_ANALYZER_NUMBER_OBJECT_CONVERSION = YES_AGGRESSIVE;
				CLANG_CXX_LANGUAGE_STANDARD = "gnu++14";
				CLANG_CXX_LIBRARY = "libc++";
				CLANG_ENABLE_MODULES = YES;
				CLANG_ENABLE_OBJC_ARC = YES;
				CLANG_WARN_BLOCK_CAPTURE_AUTORELEASING = YES;
				CLANG_WARN_BOOL_CONVERSION = YES;
				CLANG_WARN_COMMA = YES;
				CLANG_WARN_CONSTANT_CONVERSION = YES;
				CLANG_WARN_DIRECT_OBJC_ISA_USAGE = YES_ERROR;
				CLANG_WARN_DOCUMENTATION_COMMENTS = YES;
				CLANG_WARN_EMPTY_BODY = YES;
				CLANG_WARN_ENUM_CONVERSION = YES;
				CLANG_WARN_INFINITE_RECURSION = YES;
				CLANG_WARN_INT_CONVERSION = YES;
				CLANG_WARN_NON_LITERAL_NULL_CONVERSION = YES;
				CLANG_WARN_OBJC_LITERAL_CONVERSION = YES;
				CLANG_WARN_OBJC_ROOT_CLASS = YES_ERROR;
				CLANG_WARN_RANGE_LOOP_ANALYSIS = YES;
				CLANG_WARN_STRICT_PROTOTYPES = YES;
				CLANG_WARN_SUSPICIOUS_MOVE = YES;
				CLANG_WARN_UNGUARDED_AVAILABILITY = YES_AGGRESSIVE;
				CLANG_WARN_UNREACHABLE_CODE = YES;
				CLANG_WARN__DUPLICATE_METHOD_MATCH = YES;
				CODE_SIGN_IDENTITY = "iPhone Developer";
				COPY_PHASE_STRIP = NO;
				DEBUG_INFORMATION_FORMAT = "dwarf-with-dsym";
				ENABLE_NS_ASSERTIONS = NO;
				ENABLE_STRICT_OBJC_MSGSEND = YES;
				GCC_C_LANGUAGE_STANDARD = gnu11;
				GCC_NO_COMMON_BLOCKS = YES;
				GCC_WARN_64_TO_32_BIT_CONVERSION = YES;
				GCC_WARN_ABOUT_RETURN_TYPE = YES_ERROR;
				GCC_WARN_UNDECLARED_SELECTOR = YES;
				GCC_WARN_UNINITIALIZED_AUTOS = YES_AGGRESSIVE;
				GCC_WARN_UNUSED_FUNCTION = YES;
				GCC_WARN_UNUSED_VARIABLE = YES;
				IPHONEOS_DEPLOYMENT_TARGET = 11.0;
				MTL_ENABLE_DEBUG_INFO = NO;
				SDKROOT = iphoneos;
				VALIDATE_PRODUCT = YES;
			};
			name = Release;
		};
		389A148E1F87215A000F2195 /* Debug */ = {
			isa = XCBuildConfiguration;
			baseConfigurationReference = BB1901B34816CBC6ED631B59 /* Pods-weexTest.debug.xcconfig */;
			buildSettings = {
				ASSETCATALOG_COMPILER_APPICON_NAME = AppIcon;
				CODE_SIGN_STYLE = Automatic;
				DEVELOPMENT_TEAM = M473HHV7M5;
				INFOPLIST_FILE = weexTest/Info.plist;
				LD_RUNPATH_SEARCH_PATHS = "$(inherited) @executable_path/Frameworks";
				PRODUCT_BUNDLE_IDENTIFIER = com.zky.weexTest;
				PRODUCT_NAME = "$(TARGET_NAME)";
				TARGETED_DEVICE_FAMILY = 1;
			};
			name = Debug;
		};
		389A148F1F87215A000F2195 /* Release */ = {
			isa = XCBuildConfiguration;
			baseConfigurationReference = 22F07060BEE352B754A60C27 /* Pods-weexTest.release.xcconfig */;
			buildSettings = {
				ASSETCATALOG_COMPILER_APPICON_NAME = AppIcon;
				CODE_SIGN_STYLE = Automatic;
				DEVELOPMENT_TEAM = M473HHV7M5;
				INFOPLIST_FILE = weexTest/Info.plist;
				LD_RUNPATH_SEARCH_PATHS = "$(inherited) @executable_path/Frameworks";
				PRODUCT_BUNDLE_IDENTIFIER = com.zky.weexTest;
				PRODUCT_NAME = "$(TARGET_NAME)";
				TARGETED_DEVICE_FAMILY = 1;
			};
			name = Release;
		};
/* End XCBuildConfiguration section */

/* Begin XCConfigurationList section */
		389A14721F87215A000F2195 /* Build configuration list for PBXProject "weexTest" */ = {
			isa = XCConfigurationList;
			buildConfigurations = (
				389A148B1F87215A000F2195 /* Debug */,
				389A148C1F87215A000F2195 /* Release */,
			);
			defaultConfigurationIsVisible = 0;
			defaultConfigurationName = Release;
		};
		389A148D1F87215A000F2195 /* Build configuration list for PBXNativeTarget "weexTest" */ = {
			isa = XCConfigurationList;
			buildConfigurations = (
				389A148E1F87215A000F2195 /* Debug */,
				389A148F1F87215A000F2195 /* Release */,
			);
			defaultConfigurationIsVisible = 0;
			defaultConfigurationName = Release;
		};
/* End XCConfigurationList section */
	};
	rootObject = 389A146F1F87215A000F2195 /* Project object */;
}
